// !$*UTF8*$!
{
	archiveVersion = 1;
	classes = {};
	objectVersion = 56;
	objects = {

/* Begin PBXBuildFile section */
		D5198D74F6624F709D149C81 /* AppTheme.swift in Sources */ = {isa = PBXBuildFile; fileRef = 17CEDA4C1F9844F9BA361600 /* AppTheme.swift */; };
		E0D58911C45A4781B686A421 /* ThreeoApp.swift in Sources */ = {isa = PBXBuildFile; fileRef = 5AAA3AD9588D447A9572CE6C /* ThreeoApp.swift */; };
		81E383869C1A4315B0130090 /* ThreeoCardSnapshot.swift in Sources */ = {isa = PBXBuildFile; fileRef = 3B0796DF3C534256B7B7BDD7 /* ThreeoCardSnapshot.swift */; };
		E30AD02841674A858A40A831 /* ThreeoCardType.swift in Sources */ = {isa = PBXBuildFile; fileRef = BE4F223D27634903AF63769B /* ThreeoCardType.swift */; };
		19600DFFB6644EAB89BFCFF8 /* ThreeoCategory.swift in Sources */ = {isa = PBXBuildFile; fileRef = 3F541A5651ED40A88098A5CA /* ThreeoCategory.swift */; };
		760C01BF6F8C4A89AF1EDDC8 /* ThreeoMember.swift in Sources */ = {isa = PBXBuildFile; fileRef = 586D6C24B12B418996D51905 /* ThreeoMember.swift */; };
		A9C36DBD0CA547BB8628A00F /* ThreeoMetric.swift in Sources */ = {isa = PBXBuildFile; fileRef = 022C1938E5C24333A2532510 /* ThreeoMetric.swift */; };
		47D69468F27F407A8556355D /* ThreeoDataStore.swift in Sources */ = {isa = PBXBuildFile; fileRef = 19FF156D478A4AC98EE309E0 /* ThreeoDataStore.swift */; };
		D9A8006385A24126B564ACAA /* ThreeoSampleData.swift in Sources */ = {isa = PBXBuildFile; fileRef = 34842B3BC84143D0B7C05216 /* ThreeoSampleData.swift */; };
		A694F060476040C1B9D6B33E /* HomeView.swift in Sources */ = {isa = PBXBuildFile; fileRef = 284C85769415496B8F68C16B /* HomeView.swift */; };
		CAB94B781E2245EB963D99E2 /* AdaptiveCardGrid.swift in Sources */ = {isa = PBXBuildFile; fileRef = BE0AF09494E84A95A8C1D972 /* AdaptiveCardGrid.swift */; };
		2DEF8AF2052E4051B9EB5924 /* CategoryHeroView.swift in Sources */ = {isa = PBXBuildFile; fileRef = 0B9A813E8AE445118D950977 /* CategoryHeroView.swift */; };
		D985161F876C467A9EABEE45 /* CategoryPickerView.swift in Sources */ = {isa = PBXBuildFile; fileRef = 647E653AB1C04FCA9C0C472A /* CategoryPickerView.swift */; };
		15B8793FB00B4DE692307797 /* DashboardCardView.swift in Sources */ = {isa = PBXBuildFile; fileRef = 5E726B26E6204C02AA431F07 /* DashboardCardView.swift */; };
		8C4BF3EC9DF34B3AA6FAEDB6 /* EmptyStateView.swift in Sources */ = {isa = PBXBuildFile; fileRef = D3AFC7615701428B8E55065B /* EmptyStateView.swift */; };
		D8C8208AD17742E2BE7C57EF /* FloatingActionMenu.swift in Sources */ = {isa = PBXBuildFile; fileRef = 2CD973BD3A5C449A89D9353D /* FloatingActionMenu.swift */; };
		F390E2AEF6214B67B40B5023 /* MemberCarouselView.swift in Sources */ = {isa = PBXBuildFile; fileRef = 78F6FE4040D544389A7366CF /* MemberCarouselView.swift */; };
		F3F49BAC6D1F4F8499875369 /* ToolbarSubtitleView.swift in Sources */ = {isa = PBXBuildFile; fileRef = 435D20FA73B04A6DB9F7D3DF /* ToolbarSubtitleView.swift */; };
		131B3C1A808D4573A4057819 /* CardDetailView.swift in Sources */ = {isa = PBXBuildFile; fileRef = 0E1F69BA52124EA6836F293D /* CardDetailView.swift */; };
		675A5A5D44A041A0BC9B4DAE /* CardFilterSheet.swift in Sources */ = {isa = PBXBuildFile; fileRef = 78C4B297DD51436C98BAE431 /* CardFilterSheet.swift */; };
		07A9AD5A189140D2B73545B3 /* NewMemberSheet.swift in Sources */ = {isa = PBXBuildFile; fileRef = CF6A420B81764BC88D1ED160 /* NewMemberSheet.swift */; };
		6D7BADFF9CFB488BA0C541C9 /* QuickNoteSheet.swift in Sources */ = {isa = PBXBuildFile; fileRef = 2812E972458F42EBA7A95A61 /* QuickNoteSheet.swift */; };
		71128D29AE024A70AC098450 /* Assets.xcassets in Resources */ = {isa = PBXBuildFile; fileRef = BC876F6BA4F542809C993EE6 /* Assets.xcassets */; };
		323DCBEA154843AA96A57193 /* Preview Assets.xcassets in Resources */ = {isa = PBXBuildFile; fileRef = 0F302429E2944947A448AF1F /* Preview Assets.xcassets */; };
/* End PBXBuildFile section */

/* Begin PBXFileReference section */
		17CEDA4C1F9844F9BA361600 /* AppTheme.swift */ = {isa = PBXFileReference; lastKnownFileType = sourcecode.swift; path = Threeo/App/AppTheme.swift; sourceTree = "<group>"; };
		5AAA3AD9588D447A9572CE6C /* ThreeoApp.swift */ = {isa = PBXFileReference; lastKnownFileType = sourcecode.swift; path = Threeo/App/ThreeoApp.swift; sourceTree = "<group>"; };
		3B0796DF3C534256B7B7BDD7 /* ThreeoCardSnapshot.swift */ = {isa = PBXFileReference; lastKnownFileType = sourcecode.swift; path = Threeo/Models/ThreeoCardSnapshot.swift; sourceTree = "<group>"; };
		BE4F223D27634903AF63769B /* ThreeoCardType.swift */ = {isa = PBXFileReference; lastKnownFileType = sourcecode.swift; path = Threeo/Models/ThreeoCardType.swift; sourceTree = "<group>"; };
		3F541A5651ED40A88098A5CA /* ThreeoCategory.swift */ = {isa = PBXFileReference; lastKnownFileType = sourcecode.swift; path = Threeo/Models/ThreeoCategory.swift; sourceTree = "<group>"; };
		586D6C24B12B418996D51905 /* ThreeoMember.swift */ = {isa = PBXFileReference; lastKnownFileType = sourcecode.swift; path = Threeo/Models/ThreeoMember.swift; sourceTree = "<group>"; };
		022C1938E5C24333A2532510 /* ThreeoMetric.swift */ = {isa = PBXFileReference; lastKnownFileType = sourcecode.swift; path = Threeo/Models/ThreeoMetric.swift; sourceTree = "<group>"; };
		19FF156D478A4AC98EE309E0 /* ThreeoDataStore.swift */ = {isa = PBXFileReference; lastKnownFileType = sourcecode.swift; path = Threeo/Services/ThreeoDataStore.swift; sourceTree = "<group>"; };
		34842B3BC84143D0B7C05216 /* ThreeoSampleData.swift */ = {isa = PBXFileReference; lastKnownFileType = sourcecode.swift; path = Threeo/Services/ThreeoSampleData.swift; sourceTree = "<group>"; };
		284C85769415496B8F68C16B /* HomeView.swift */ = {isa = PBXFileReference; lastKnownFileType = sourcecode.swift; path = Threeo/Views/HomeView.swift; sourceTree = "<group>"; };
		BE0AF09494E84A95A8C1D972 /* AdaptiveCardGrid.swift */ = {isa = PBXFileReference; lastKnownFileType = sourcecode.swift; path = Threeo/Views/Components/AdaptiveCardGrid.swift; sourceTree = "<group>"; };
		0B9A813E8AE445118D950977 /* CategoryHeroView.swift */ = {isa = PBXFileReference; lastKnownFileType = sourcecode.swift; path = Threeo/Views/Components/CategoryHeroView.swift; sourceTree = "<group>"; };
		647E653AB1C04FCA9C0C472A /* CategoryPickerView.swift */ = {isa = PBXFileReference; lastKnownFileType = sourcecode.swift; path = Threeo/Views/Components/CategoryPickerView.swift; sourceTree = "<group>"; };
		5E726B26E6204C02AA431F07 /* DashboardCardView.swift */ = {isa = PBXFileReference; lastKnownFileType = sourcecode.swift; path = Threeo/Views/Components/DashboardCardView.swift; sourceTree = "<group>"; };
		D3AFC7615701428B8E55065B /* EmptyStateView.swift */ = {isa = PBXFileReference; lastKnownFileType = sourcecode.swift; path = Threeo/Views/Components/EmptyStateView.swift; sourceTree = "<group>"; };
		2CD973BD3A5C449A89D9353D /* FloatingActionMenu.swift */ = {isa = PBXFileReference; lastKnownFileType = sourcecode.swift; path = Threeo/Views/Components/FloatingActionMenu.swift; sourceTree = "<group>"; };
		78F6FE4040D544389A7366CF /* MemberCarouselView.swift */ = {isa = PBXFileReference; lastKnownFileType = sourcecode.swift; path = Threeo/Views/Components/MemberCarouselView.swift; sourceTree = "<group>"; };
		435D20FA73B04A6DB9F7D3DF /* ToolbarSubtitleView.swift */ = {isa = PBXFileReference; lastKnownFileType = sourcecode.swift; path = Threeo/Views/Components/ToolbarSubtitleView.swift; sourceTree = "<group>"; };
		0E1F69BA52124EA6836F293D /* CardDetailView.swift */ = {isa = PBXFileReference; lastKnownFileType = sourcecode.swift; path = Threeo/Views/Sheets/CardDetailView.swift; sourceTree = "<group>"; };
		78C4B297DD51436C98BAE431 /* CardFilterSheet.swift */ = {isa = PBXFileReference; lastKnownFileType = sourcecode.swift; path = Threeo/Views/Sheets/CardFilterSheet.swift; sourceTree = "<group>"; };
		CF6A420B81764BC88D1ED160 /* NewMemberSheet.swift */ = {isa = PBXFileReference; lastKnownFileType = sourcecode.swift; path = Threeo/Views/Sheets/NewMemberSheet.swift; sourceTree = "<group>"; };
		2812E972458F42EBA7A95A61 /* QuickNoteSheet.swift */ = {isa = PBXFileReference; lastKnownFileType = sourcecode.swift; path = Threeo/Views/Sheets/QuickNoteSheet.swift; sourceTree = "<group>"; };
		BC876F6BA4F542809C993EE6 /* Assets.xcassets */ = {isa = PBXFileReference; lastKnownFileType = folder.assetcatalog; path = Assets.xcassets; sourceTree = "<group>"; };
		0F302429E2944947A448AF1F /* Preview Assets.xcassets */ = {isa = PBXFileReference; lastKnownFileType = folder.assetcatalog; path = "Preview Assets.xcassets"; sourceTree = "<group>"; };
		C25419361A0A440B814C744C /* Info.plist */ = {isa = PBXFileReference; lastKnownFileType = text.plist.xml; path = Info.plist; sourceTree = "<group>"; };
		8088C6249B3642FFAF3E14E1 /* Threeo.app */ = {isa = PBXFileReference; explicitFileType = wrapper.application; includeInIndex = 0; path = Threeo.app; sourceTree = BUILT_PRODUCTS_DIR; };
/* End PBXFileReference section */

/* Begin PBXFrameworksBuildPhase section */
		2D35886E0EE7483582F83932 /* Frameworks */ = {
			isa = PBXFrameworksBuildPhase;
			buildActionMask = 2147483647;
			files = (
			);
			runOnlyForDeploymentPostprocessing = 0;
		};
/* End PBXFrameworksBuildPhase section */

/* Begin PBXGroup section */
		DE8B1AAA502445AAAB06BB73 /* Group */ = {isa = PBXGroup; children = (
			979316D67B49497BA4220E8B /* Threeo */
			5F651CECC2974C50AC9A3C42 /* Products */
		); sourceTree = "<group>"; };
		5F651CECC2974C50AC9A3C42 /* Products */ = {isa = PBXGroup; children = (
			8088C6249B3642FFAF3E14E1 /* Threeo.app */
		); name = Products; sourceTree = "<group>"; };
		979316D67B49497BA4220E8B /* Threeo */ = {isa = PBXGroup; children = (
			7626C8A4768D48EFB2F04CE2 /* App */
			BD80982938054080B931DE21 /* Models */
			8F331FE3ECAE4CA9ADF49249 /* Services */
			86C0D2D5F85443079609B16E /* Views */
			BC876F6BA4F542809C993EE6 /* Assets.xcassets */
			59EF3B96B51A409C9A4CE743 /* Preview Content */
			C25419361A0A440B814C744C /* Info.plist */
		); name = Threeo; path = Threeo; sourceTree = "<group>"; };
		7626C8A4768D48EFB2F04CE2 /* App */ = {isa = PBXGroup; children = (
			17CEDA4C1F9844F9BA361600 /* AppTheme.swift */
			5AAA3AD9588D447A9572CE6C /* ThreeoApp.swift */
		); name = App; path = App; sourceTree = "<group>"; };
		BD80982938054080B931DE21 /* Models */ = {isa = PBXGroup; children = (
			3B0796DF3C534256B7B7BDD7 /* ThreeoCardSnapshot.swift */
			BE4F223D27634903AF63769B /* ThreeoCardType.swift */
			3F541A5651ED40A88098A5CA /* ThreeoCategory.swift */
			586D6C24B12B418996D51905 /* ThreeoMember.swift */
			022C1938E5C24333A2532510 /* ThreeoMetric.swift */
		); name = Models; path = Models; sourceTree = "<group>"; };
		8F331FE3ECAE4CA9ADF49249 /* Services */ = {isa = PBXGroup; children = (
			19FF156D478A4AC98EE309E0 /* ThreeoDataStore.swift */
			34842B3BC84143D0B7C05216 /* ThreeoSampleData.swift */
		); name = Services; path = Services; sourceTree = "<group>"; };
		DDCD3D06F72B4EFA9E14685F /* Components */ = {isa = PBXGroup; children = (
			BE0AF09494E84A95A8C1D972 /* AdaptiveCardGrid.swift */
			0B9A813E8AE445118D950977 /* CategoryHeroView.swift */
			647E653AB1C04FCA9C0C472A /* CategoryPickerView.swift */
			5E726B26E6204C02AA431F07 /* DashboardCardView.swift */
			D3AFC7615701428B8E55065B /* EmptyStateView.swift */
			2CD973BD3A5C449A89D9353D /* FloatingActionMenu.swift */
			78F6FE4040D544389A7366CF /* MemberCarouselView.swift */
			435D20FA73B04A6DB9F7D3DF /* ToolbarSubtitleView.swift */
		); name = Components; path = Components; sourceTree = "<group>"; };
		50AB5D0F555F4B07BF3CD88E /* Sheets */ = {isa = PBXGroup; children = (
			0E1F69BA52124EA6836F293D /* CardDetailView.swift */
			78C4B297DD51436C98BAE431 /* CardFilterSheet.swift */
			CF6A420B81764BC88D1ED160 /* NewMemberSheet.swift */
			2812E972458F42EBA7A95A61 /* QuickNoteSheet.swift */
		); name = Sheets; path = Sheets; sourceTree = "<group>"; };
		86C0D2D5F85443079609B16E /* Views */ = {isa = PBXGroup; children = (
			284C85769415496B8F68C16B /* HomeView.swift */
			DDCD3D06F72B4EFA9E14685F /* Components */
			50AB5D0F555F4B07BF3CD88E /* Sheets */
		); name = Views; path = Views; sourceTree = "<group>"; };
		59EF3B96B51A409C9A4CE743 /* Preview Content */ = {isa = PBXGroup; children = (
			0F302429E2944947A448AF1F /* Preview Assets.xcassets */
		); name = Preview Content; path = Preview Content; sourceTree = "<group>"; };
/* End PBXGroup section */

/* Begin PBXNativeTarget section */
		183F1A747F414297AEB77DDE /* Threeo */ = {
			isa = PBXNativeTarget;
			buildConfigurationList = FE920D09F5E24481B1B3874D /* Build configuration list for PBXNativeTarget "Threeo" */;
			buildPhases = (
				40F1B5387F60433E89A411BC /* Sources */,
				1784F0A8B5B047DAAD4AB39F /* Resources */,
				2D35886E0EE7483582F83932 /* Frameworks */,
			);
			buildRules = (
			);
			dependencies = (
			);
			name = Threeo;
			productName = Threeo;
			productReference = 8088C6249B3642FFAF3E14E1 /* Threeo.app */;
			productType = "com.apple.product-type.application";
		};
/* End PBXNativeTarget section */

/* Begin PBXProject section */
		C61FBF17EEC54391BC058E9B /* Project object */ = {
			isa = PBXProject;
			attributes = {
				LastSwiftUpdateCheck = 1500;
				LastUpgradeCheck = 1500;
				TargetAttributes = {
					183F1A747F414297AEB77DDE = {
						ProvisioningStyle = Automatic;
					};
				};
			};
			buildConfigurationList = 392243D0EC114415A93B4614 /* Build configuration list for PBXProject "Threeo" */;
			compatibilityVersion = "Xcode 14.0";
			developmentRegion = en;
			hasScannedForEncodings = 0;
			knownRegions = (
				en,
			);
			mainGroup = DE8B1AAA502445AAAB06BB73;
			productRefGroup = 5F651CECC2974C50AC9A3C42 /* Products */;
			projectDirPath = "";
			projectRoot = "";
			targets = (
				183F1A747F414297AEB77DDE /* Threeo */,
			);
		};
/* End PBXProject section */

/* Begin PBXResourcesBuildPhase section */
		1784F0A8B5B047DAAD4AB39F /* Resources */ = {
			isa = PBXResourcesBuildPhase;
			buildActionMask = 2147483647;
			files = (
			71128D29AE024A70AC098450 /* Assets.xcassets in Resources */
			323DCBEA154843AA96A57193 /* Preview Assets.xcassets in Resources */
			);
			runOnlyForDeploymentPostprocessing = 0;
		};
/* End PBXResourcesBuildPhase section */

/* Begin PBXSourcesBuildPhase section */
		40F1B5387F60433E89A411BC /* Sources */ = {
			isa = PBXSourcesBuildPhase;
			buildActionMask = 2147483647;
			files = (
			D5198D74F6624F709D149C81 /* AppTheme.swift in Sources */
			E0D58911C45A4781B686A421 /* ThreeoApp.swift in Sources */
			81E383869C1A4315B0130090 /* ThreeoCardSnapshot.swift in Sources */
			E30AD02841674A858A40A831 /* ThreeoCardType.swift in Sources */
			19600DFFB6644EAB89BFCFF8 /* ThreeoCategory.swift in Sources */
			760C01BF6F8C4A89AF1EDDC8 /* ThreeoMember.swift in Sources */
			A9C36DBD0CA547BB8628A00F /* ThreeoMetric.swift in Sources */
			47D69468F27F407A8556355D /* ThreeoDataStore.swift in Sources */
			D9A8006385A24126B564ACAA /* ThreeoSampleData.swift in Sources */
			A694F060476040C1B9D6B33E /* HomeView.swift in Sources */
			CAB94B781E2245EB963D99E2 /* AdaptiveCardGrid.swift in Sources */
			2DEF8AF2052E4051B9EB5924 /* CategoryHeroView.swift in Sources */
			D985161F876C467A9EABEE45 /* CategoryPickerView.swift in Sources */
			15B8793FB00B4DE692307797 /* DashboardCardView.swift in Sources */
			8C4BF3EC9DF34B3AA6FAEDB6 /* EmptyStateView.swift in Sources */
			D8C8208AD17742E2BE7C57EF /* FloatingActionMenu.swift in Sources */
			F390E2AEF6214B67B40B5023 /* MemberCarouselView.swift in Sources */
			F3F49BAC6D1F4F8499875369 /* ToolbarSubtitleView.swift in Sources */
			131B3C1A808D4573A4057819 /* CardDetailView.swift in Sources */
			675A5A5D44A041A0BC9B4DAE /* CardFilterSheet.swift in Sources */
			07A9AD5A189140D2B73545B3 /* NewMemberSheet.swift in Sources */
			6D7BADFF9CFB488BA0C541C9 /* QuickNoteSheet.swift in Sources */
			);
			runOnlyForDeploymentPostprocessing = 0;
		};
/* End PBXSourcesBuildPhase section */

/* Begin XCBuildConfiguration section */
		0127A1523D324DCC88E4F304 /* Debug */ = {
			isa = XCBuildConfiguration;
			buildSettings = {
			ALWAYS_SEARCH_USER_PATHS = NO;
			CLANG_ANALYZER_NONNULL = YES;
			CLANG_ENABLE_MODULES = YES;
			CLANG_ENABLE_OBJC_ARC = YES;
			CLANG_WARN_DOCUMENTATION_COMMENTS = YES;
			CLANG_WARN_QUOTED_INCLUDE_IN_FRAMEWORK_HEADER = YES;
			COPY_PHASE_STRIP = NO;
			ENABLE_STRICT_OBJC_MSGSEND = YES;
			GCC_C_LANGUAGE_STANDARD = gnu11;
			GCC_WARN_64_TO_32_BIT_CONVERSION = YES;
			GCC_WARN_ABOUT_RETURN_TYPE = YES_ERROR;
			GCC_WARN_UNINITIALIZED_AUTOS = YES;
			GCC_WARN_UNUSED_FUNCTION = YES;
			GCC_WARN_UNUSED_VARIABLE = YES;
			IPHONEOS_DEPLOYMENT_TARGET = 16.0;
			MTL_ENABLE_DEBUG_INFO = INCLUDE_SOURCE;
			ONLY_ACTIVE_ARCH = YES;
			SWIFT_ACTIVE_COMPILATION_CONDITIONS = DEBUG;
			SWIFT_OPTIMIZATION_LEVEL = -Onone;
			};
			name = Debug;
		};
		29639D1BDACE45A5B35CDCE2 /* Release */ = {
			isa = XCBuildConfiguration;
			buildSettings = {
			ALWAYS_SEARCH_USER_PATHS = NO;
			CLANG_ANALYZER_NONNULL = YES;
			CLANG_ENABLE_MODULES = YES;
			CLANG_ENABLE_OBJC_ARC = YES;
			CLANG_WARN_DOCUMENTATION_COMMENTS = YES;
			CLANG_WARN_QUOTED_INCLUDE_IN_FRAMEWORK_HEADER = YES;
			COPY_PHASE_STRIP = NO;
			ENABLE_STRICT_OBJC_MSGSEND = YES;
			GCC_C_LANGUAGE_STANDARD = gnu11;
			GCC_WARN_64_TO_32_BIT_CONVERSION = YES;
			GCC_WARN_ABOUT_RETURN_TYPE = YES_ERROR;
			GCC_WARN_UNINITIALIZED_AUTOS = YES;
			GCC_WARN_UNUSED_FUNCTION = YES;
			GCC_WARN_UNUSED_VARIABLE = YES;
			IPHONEOS_DEPLOYMENT_TARGET = 16.0;
			MTL_ENABLE_DEBUG_INFO = NO;
			ONLY_ACTIVE_ARCH = NO;
			SWIFT_ACTIVE_COMPILATION_CONDITIONS = ;
			SWIFT_OPTIMIZATION_LEVEL = -O;
			};
			name = Release;
		};
		498D968219494755BD5C9178 /* Debug */ = {
			isa = XCBuildConfiguration;
			buildSettings = {
			ASSETCATALOG_COMPILER_APPICON_NAME = AppIcon;
			CODE_SIGN_STYLE = Automatic;
			CURRENT_PROJECT_VERSION = 1;
			DEVELOPMENT_TEAM = ;
			ENABLE_PREVIEWS = YES;
			GENERATE_INFOPLIST_FILE = NO;
			INFOPLIST_FILE = Threeo/Info.plist;
			IPHONEOS_DEPLOYMENT_TARGET = 16.0;
			LD_RUNPATH_SEARCH_PATHS = $(inherited) @executable_path/Frameworks;
			MARKETING_VERSION = 1.0;
			PRODUCT_BUNDLE_IDENTIFIER = com.threeo.app;
			PRODUCT_NAME = $(TARGET_NAME);
			SWIFT_ACTIVE_COMPILATION_CONDITIONS = DEBUG;
			SWIFT_EMIT_LOC_STRINGS = YES;
			SWIFT_OPTIMIZATION_LEVEL = -Onone;
			SWIFT_VERSION = 5.0;
			TARGETED_DEVICE_FAMILY = 1,2;
			};
			name = Debug;
		};
		0267683D341B445EA1006829 /* Release */ = {
			isa = XCBuildConfiguration;
			buildSettings = {
			ASSETCATALOG_COMPILER_APPICON_NAME = AppIcon;
			CODE_SIGN_STYLE = Automatic;
			CURRENT_PROJECT_VERSION = 1;
			DEVELOPMENT_TEAM = ;
			ENABLE_PREVIEWS = YES;
			GENERATE_INFOPLIST_FILE = NO;
			INFOPLIST_FILE = Threeo/Info.plist;
			IPHONEOS_DEPLOYMENT_TARGET = 16.0;
			LD_RUNPATH_SEARCH_PATHS = $(inherited) @executable_path/Frameworks;
			MARKETING_VERSION = 1.0;
			PRODUCT_BUNDLE_IDENTIFIER = com.threeo.app;
			PRODUCT_NAME = $(TARGET_NAME);
			SWIFT_EMIT_LOC_STRINGS = YES;
			SWIFT_OPTIMIZATION_LEVEL = -O;
			SWIFT_VERSION = 5.0;
			TARGETED_DEVICE_FAMILY = 1,2;
			};
			name = Release;
		};
/* End XCBuildConfiguration section */

/* Begin XCConfigurationList section */
		392243D0EC114415A93B4614 /* Build configuration list for PBXProject "Threeo" */ = {
			isa = XCConfigurationList;
			buildConfigurations = (
				0127A1523D324DCC88E4F304 /* Debug */,
				29639D1BDACE45A5B35CDCE2 /* Release */,
			);
			defaultConfigurationIsVisible = 0;
			defaultConfigurationName = Release;
		};
		FE920D09F5E24481B1B3874D /* Build configuration list for PBXNativeTarget "Threeo" */ = {
			isa = XCConfigurationList;
			buildConfigurations = (
				498D968219494755BD5C9178 /* Debug */,
				0267683D341B445EA1006829 /* Release */,
			);
			defaultConfigurationIsVisible = 0;
			defaultConfigurationName = Release;
		};
/* End XCConfigurationList section */
	};
	rootObject = C61FBF17EEC54391BC058E9B /* Project object */;
}
